
Microsoft Visual Studio Solution File, Format Version 12.00
# Visual Studio Version 17
VisualStudioVersion = 17.2.32526.322
MinimumVisualStudioVersion = 10.0.40219.1
Project("{FAE04EC0-301F-11D3-BF4B-00C04F79EFBC}") = "DragonDuMekong", "DragonDuMekong\DragonDuMekong.csproj", "{C88F958D-F0DB-4355-A487-8B63EF7DDDE0}"
EndProject
Global
	GlobalSection(SolutionConfigurationPlatforms) = preSolution
		Debug|Any CPU = Debug|Any CPU
		Release|Any CPU = Release|Any CPU
	EndGlobalSection
	GlobalSection(ProjectConfigurationPlatforms) = postSolution
		{C88F958D-F0DB-4355-A487-8B63EF7DDDE0}.Debug|Any CPU.ActiveCfg = Debug|Any CPU
		{C88F958D-F0DB-4355-A487-8B63EF7DDDE0}.Debug|Any CPU.Build.0 = Debug|Any CPU
		{C88F958D-F0DB-4355-A487-8B63EF7DDDE0}.Release|Any CPU.ActiveCfg = Release|Any CPU
		{C88F958D-F0DB-4355-A487-8B63EF7DDDE0}.Release|Any CPU.Build.0 = Release|Any CPU
	EndGlobalSection
	GlobalSection(SolutionProperties) = preSolution
		HideSolutionNode = FALSE
	EndGlobalSection
	GlobalSection(ExtensibilityGlobals) = postSolution
		SolutionGuid = {A1C9B974-C521-433C-8994-C05E9D468D63}
	EndGlobalSection
EndGlobal
